{
  "nodes": {
    "nixCats": {
      "locked": {
        "lastModified": 1759730664,
        "narHash": "sha256-boRlBQ/c4CaHsK/z04QL6+t81mcar37Io94HBX2GflY=",
        "owner": "BirdeeHub",
        "repo": "nixCats-nvim",
        "rev": "77dffad8235eb77684fcb7599487c8e9f23d5b8f",
        "type": "github"
      },
      "original": {
        "owner": "BirdeeHub",
        "repo": "nixCats-nvim",
        "type": "github"
      }
    },
    "nixpkgs": {
      "locked": {
        "lastModified": 1760103332,
        "narHash": "sha256-BMsGVfKl4Q80Pr9T1AkCRljO1bpwCmY8rTBVj8XGuhA=",
        "owner": "nixos",
        "repo": "nixpkgs",
        "rev": "870493f9a8cb0b074ae5b411b2f232015db19a65",
        "type": "github"
      },
      "original": {
        "owner": "nixos",
        "ref": "nixpkgs-unstable",
        "repo": "nixpkgs",
        "type": "github"
      }
    },
    "plugins-rnvim": {
      "flake": false,
      "locked": {
        "lastModified": 1760133298,
        "narHash": "sha256-jVl1pski6UKk0lMe/g8YXn+Ylth+tMIobn9Qj9Z6o4I=",
        "owner": "R-nvim",
        "repo": "R.nvim",
        "rev": "b8cbe746f996116231f3fd3641453db072aade39",
        "type": "github"
      },
      "original": {
        "owner": "R-nvim",
        "repo": "R.nvim",
        "type": "github"
      }
    },
    "plugins-toggleterm": {
      "flake": false,
      "locked": {
        "lastModified": 1741512039,
        "narHash": "sha256-fytbX+L12TK45YKFU9K+iFJcDrwboKabihc2LtX29J4=",
        "owner": "akinsho",
        "repo": "toggleterm.nvim",
        "rev": "9a88eae817ef395952e08650b3283726786fb5fb",
        "type": "github"
      },
      "original": {
        "owner": "akinsho",
        "repo": "toggleterm.nvim",
        "type": "github"
      }
    },
    "root": {
      "inputs": {
        "nixCats": "nixCats",
        "nixpkgs": "nixpkgs",
        "plugins-rnvim": "plugins-rnvim",
        "plugins-toggleterm": "plugins-toggleterm"
      }
    }
  },
  "root": "root",
  "version": 7
}
