{
  "nodes": {
    "nixCats": {
      "locked": {
        "lastModified": 1759730664,
        "narHash": "sha256-boRlBQ/c4CaHsK/z04QL6+t81mcar37Io94HBX2GflY=",
        "owner": "BirdeeHub",
        "repo": "nixCats-nvim",
        "rev": "77dffad8235eb77684fcb7599487c8e9f23d5b8f",
        "type": "github"
      },
      "original": {
        "owner": "BirdeeHub",
        "repo": "nixCats-nvim",
        "type": "github"
      }
    },
    "nixpkgs": {
      "locked": {
        "lastModified": 1759977445,
        "narHash": "sha256-LYr4IDfuihCkFAkSYz5//gT2r1ewcWBYgd5AxPzPLIo=",
        "owner": "nixos",
        "repo": "nixpkgs",
        "rev": "2dad7af78a183b6c486702c18af8a9544f298377",
        "type": "github"
      },
      "original": {
        "owner": "nixos",
        "ref": "nixpkgs-unstable",
        "repo": "nixpkgs",
        "type": "github"
      }
    },
    "plugins-toggleterm": {
      "flake": false,
      "locked": {
        "lastModified": 1741512039,
        "narHash": "sha256-fytbX+L12TK45YKFU9K+iFJcDrwboKabihc2LtX29J4=",
        "owner": "akinsho",
        "repo": "toggleterm.nvim",
        "rev": "9a88eae817ef395952e08650b3283726786fb5fb",
        "type": "github"
      },
      "original": {
        "owner": "akinsho",
        "repo": "toggleterm.nvim",
        "type": "github"
      }
    },
    "root": {
      "inputs": {
        "nixCats": "nixCats",
        "nixpkgs": "nixpkgs",
        "plugins-toggleterm": "plugins-toggleterm"
      }
    }
  },
  "root": "root",
  "version": 7
}
